dependencies:
  espressif/esp_lcd_qemu_rgb:
    component_hash: e8981dd7399504a5ab647ce28a4876f8467c03b759895f50c24f0cb6095faaa0
    dependencies:
    - name: idf
      require: private
      version: '>=5.3'
    source:
      registry_url: https://components.espressif.com/
      type: service
    version: 1.0.2
  idf:
    source:
      type: idf
    version: 6.1.0
  lvgl/lvgl:
    component_hash: 184e532558c1c45fefed631f3e235423d22582aafb4630f3e8885c35281a49ae
    dependencies: []
    source:
      registry_url: https://components.espressif.com/
      type: service
    version: 9.5.0
direct_dependencies:
- espressif/esp_lcd_qemu_rgb
- idf
- lvgl/lvgl
manifest_hash: 306d176468e10d083947faea2b19d9da702841d8f5cd99c392165e78614f2c9c
target: esp32s3
version: 3.0.0
