dependencies:
  idf:
    source:
      type: idf
    version: 6.2.0
  lvgl/lvgl:
    component_hash: 184e532558c1c45fefed631f3e235423d22582aafb4630f3e8885c35281a49ae
    dependencies: []
    source:
      registry_url: https://components.espressif.com/
      type: service
    version: 9.5.0
direct_dependencies:
- idf
- lvgl/lvgl
manifest_hash: c336f1df0ee863194dcc088c68b0da330c1305d1f61002c165369d250fba64d7
target: esp32s3
version: 3.0.0
